
Microsoft Visual Studio Solution File, Format Version 12.00
# Visual Studio Version 17
VisualStudioVersion = 17.7.34031.279
MinimumVisualStudioVersion = 10.0.40219.1
Project("{FAE04EC0-301F-11D3-BF4B-00C04F79EFBC}") = "DeviceFan", "DeviceFan\DeviceFan.csproj", "{FE5DF0DC-0A82-4141-A90B-EB4CDD498D5C}"
EndProject
Project("{FAE04EC0-301F-11D3-BF4B-00C04F79EFBC}") = "AzureFunctions", "AzureFunctions\AzureFunctions.csproj", "{EABED29C-156A-4522-8E11-0AC43A561033}"
EndProject
Global
	GlobalSection(SolutionConfigurationPlatforms) = preSolution
		Debug|Any CPU = Debug|Any CPU
		Release|Any CPU = Release|Any CPU
	EndGlobalSection
	GlobalSection(ProjectConfigurationPlatforms) = postSolution
		{FE5DF0DC-0A82-4141-A90B-EB4CDD498D5C}.Debug|Any CPU.ActiveCfg = Debug|Any CPU
		{FE5DF0DC-0A82-4141-A90B-EB4CDD498D5C}.Debug|Any CPU.Build.0 = Debug|Any CPU
		{FE5DF0DC-0A82-4141-A90B-EB4CDD498D5C}.Release|Any CPU.ActiveCfg = Release|Any CPU
		{FE5DF0DC-0A82-4141-A90B-EB4CDD498D5C}.Release|Any CPU.Build.0 = Release|Any CPU
		{EABED29C-156A-4522-8E11-0AC43A561033}.Debug|Any CPU.ActiveCfg = Debug|Any CPU
		{EABED29C-156A-4522-8E11-0AC43A561033}.Debug|Any CPU.Build.0 = Debug|Any CPU
		{EABED29C-156A-4522-8E11-0AC43A561033}.Release|Any CPU.ActiveCfg = Release|Any CPU
		{EABED29C-156A-4522-8E11-0AC43A561033}.Release|Any CPU.Build.0 = Release|Any CPU
	EndGlobalSection
	GlobalSection(SolutionProperties) = preSolution
		HideSolutionNode = FALSE
	EndGlobalSection
	GlobalSection(ExtensibilityGlobals) = postSolution
		SolutionGuid = {9F2451F7-6457-4DCC-8072-6BDCE8FB2F9D}
	EndGlobalSection
EndGlobal
